{
    "api-platform/core": {
        "version": "2.1",
        "recipe": {
            "repo": "github.com/symfony/recipes",
            "branch": "master",
            "version": "2.1",
            "ref": "18727d8f229306860b46955f438e1897421da689"
        },
        "files": [
            "config/packages/api_platform.yaml",
            "config/routes/api_platform.yaml",
            "src/Entity/.gitignore"
        ]
    },
    "oro/doctrine-extensions": {
        "version": "dev-master"
    },
    "php": {
        "version": "7.3"
    },
    "silverbackis/api-component-bundle": {
        "version": "1.0.8"
    },
    "symfony/error-handler": {
        "version": "v4.4.1"
    }
}
